{
  "name": "dockertest",
  "version": "1.0.0",
  "lockfileVersion": 2,
  "requires": true,
  "packages": {
    "": {
      "name": "dockertest",
      "version": "1.0.0",
      "license": "ISC",
      "dependencies": {
        "fs": "^0.0.1-security",
        "simple-logs": "^0.2.11"
      }
    },
    "node_modules/fs": {
      "version": "0.0.1-security",
      "resolved": "https://registry.npmjs.org/fs/-/fs-0.0.1-security.tgz",
      "integrity": "sha512-3XY9e1pP0CVEUCdj5BmfIZxRBTSDycnbqhIOGec9QYtmVH2fbLpj86CFWkrNOkt/Fvty4KZG5lTglL9j/gJ87w=="
    },
    "node_modules/simple-logs": {
      "version": "0.2.11",
      "resolved": "https://registry.npmjs.org/simple-logs/-/simple-logs-0.2.11.tgz",
      "integrity": "sha512-xByfJr26EY78A85FsGOHTovHrq3Tedo2bURLynhL9zHNvTo5H2X210q4HN3eY9QJVmpNMpHOBZytLVAmHgrUlg==",
      "engines": {
        "node": ">=0.6"
      }
    }
  },
  "dependencies": {
    "fs": {
      "version": "0.0.1-security",
      "resolved": "https://registry.npmjs.org/fs/-/fs-0.0.1-security.tgz",
      "integrity": "sha512-3XY9e1pP0CVEUCdj5BmfIZxRBTSDycnbqhIOGec9QYtmVH2fbLpj86CFWkrNOkt/Fvty4KZG5lTglL9j/gJ87w=="
    },
    "simple-logs": {
      "version": "0.2.11",
      "resolved": "https://registry.npmjs.org/simple-logs/-/simple-logs-0.2.11.tgz",
      "integrity": "sha512-xByfJr26EY78A85FsGOHTovHrq3Tedo2bURLynhL9zHNvTo5H2X210q4HN3eY9QJVmpNMpHOBZytLVAmHgrUlg=="
    }
  }
}
